// !$*UTF8*$!
{
	archiveVersion = 1;
	classes = {
	};
	objectVersion = 77;
	objects = {

/* Begin PBXBuildFile section */
		11898A5518DE94973CB60CE6 /* DictionaryReplacerTests.swift in Sources */ = {isa = PBXBuildFile; fileRef = 7141040818B2620BA5AE3F93 /* DictionaryReplacerTests.swift */; };
		13E87B86EB2125C8607849A6 /* VoiceInkApp.swift in Sources */ = {isa = PBXBuildFile; fileRef = 857DA45D1CEE06AC9D2E988C /* VoiceInkApp.swift */; };
		4EFAFF0BCD544E92BF2ABB33 /* Recorder.swift in Sources */ = {isa = PBXBuildFile; fileRef = E0309AD668E15630A6EC540C /* Recorder.swift */; };
		77DD97C0AB9DB47FA06A1894 /* DictionaryReplacer.swift in Sources */ = {isa = PBXBuildFile; fileRef = F0B6ACDFEFE69AFD725999BC /* DictionaryReplacer.swift */; };
		B79ABFAD931AFACD50C4E5D3 /* Paster.swift in Sources */ = {isa = PBXBuildFile; fileRef = 505A96814B55EC2988202280 /* Paster.swift */; };
		D6D73C112B0095A41E0DCD11 /* HotkeyManager.swift in Sources */ = {isa = PBXBuildFile; fileRef = 297ED3777957BE909D849A5B /* HotkeyManager.swift */; };
		F9088CE755FFA383D520DCC1 /* WhisperEngine.swift in Sources */ = {isa = PBXBuildFile; fileRef = C03AF563E073C71B330B9A36 /* WhisperEngine.swift */; };
/* End PBXBuildFile section */

/* Begin PBXContainerItemProxy section */
		B9BF15C40BC1236FA01D6555 /* PBXContainerItemProxy */ = {
			isa = PBXContainerItemProxy;
			containerPortal = 77A3E2B0D27A92A500CC8D6C /* Project object */;
			proxyType = 1;
			remoteGlobalIDString = 14C32B0FB4CA7748C34108EC;
			remoteInfo = VoiceInk;
		};
/* End PBXContainerItemProxy section */

/* Begin PBXFileReference section */
		297ED3777957BE909D849A5B /* HotkeyManager.swift */ = {isa = PBXFileReference; lastKnownFileType = sourcecode.swift; path = HotkeyManager.swift; sourceTree = "<group>"; };
		505A96814B55EC2988202280 /* Paster.swift */ = {isa = PBXFileReference; lastKnownFileType = sourcecode.swift; path = Paster.swift; sourceTree = "<group>"; };
		7141040818B2620BA5AE3F93 /* DictionaryReplacerTests.swift */ = {isa = PBXFileReference; lastKnownFileType = sourcecode.swift; path = DictionaryReplacerTests.swift; sourceTree = "<group>"; };
		857DA45D1CEE06AC9D2E988C /* VoiceInkApp.swift */ = {isa = PBXFileReference; lastKnownFileType = sourcecode.swift; path = VoiceInkApp.swift; sourceTree = "<group>"; };
		B03DE0B860DDCE35CE8B2EA5 /* VoiceInkTests.xctest */ = {isa = PBXFileReference; explicitFileType = wrapper.cfbundle; includeInIndex = 0; path = VoiceInkTests.xctest; sourceTree = BUILT_PRODUCTS_DIR; };
		C03AF563E073C71B330B9A36 /* WhisperEngine.swift */ = {isa = PBXFileReference; lastKnownFileType = sourcecode.swift; path = WhisperEngine.swift; sourceTree = "<group>"; };
		C2502B4CE99CBF2A108F411A /* VoiceInk.app */ = {isa = PBXFileReference; explicitFileType = wrapper.application; includeInIndex = 0; path = VoiceInk.app; sourceTree = BUILT_PRODUCTS_DIR; };
		E0309AD668E15630A6EC540C /* Recorder.swift */ = {isa = PBXFileReference; lastKnownFileType = sourcecode.swift; path = Recorder.swift; sourceTree = "<group>"; };
		F0B6ACDFEFE69AFD725999BC /* DictionaryReplacer.swift */ = {isa = PBXFileReference; lastKnownFileType = sourcecode.swift; path = DictionaryReplacer.swift; sourceTree = "<group>"; };
/* End PBXFileReference section */

/* Begin PBXGroup section */
		40D6E563F4376356BA8EBE3F = {
			isa = PBXGroup;
			children = (
				FF8A4980BED04D554177B797 /* VoiceInk */,
				7FD96525BDC95E886859B25D /* VoiceInkTests */,
				5762403592D3FAE401851620 /* Products */,
			);
			sourceTree = "<group>";
		};
		5762403592D3FAE401851620 /* Products */ = {
			isa = PBXGroup;
			children = (
				C2502B4CE99CBF2A108F411A /* VoiceInk.app */,
				B03DE0B860DDCE35CE8B2EA5 /* VoiceInkTests.xctest */,
			);
			name = Products;
			sourceTree = "<group>";
		};
		7FD96525BDC95E886859B25D /* VoiceInkTests */ = {
			isa = PBXGroup;
			children = (
				7141040818B2620BA5AE3F93 /* DictionaryReplacerTests.swift */,
			);
			path = VoiceInkTests;
			sourceTree = "<group>";
		};
		FF8A4980BED04D554177B797 /* VoiceInk */ = {
			isa = PBXGroup;
			children = (
				F0B6ACDFEFE69AFD725999BC /* DictionaryReplacer.swift */,
				297ED3777957BE909D849A5B /* HotkeyManager.swift */,
				505A96814B55EC2988202280 /* Paster.swift */,
				E0309AD668E15630A6EC540C /* Recorder.swift */,
				857DA45D1CEE06AC9D2E988C /* VoiceInkApp.swift */,
				C03AF563E073C71B330B9A36 /* WhisperEngine.swift */,
			);
			path = VoiceInk;
			sourceTree = "<group>";
		};
/* End PBXGroup section */

/* Begin PBXNativeTarget section */
		14C32B0FB4CA7748C34108EC /* VoiceInk */ = {
			isa = PBXNativeTarget;
			buildConfigurationList = 0761A439EEF628F5EE344AF5 /* Build configuration list for PBXNativeTarget "VoiceInk" */;
			buildPhases = (
				8DECE9BD8A767F3029C1C183 /* Sources */,
				26B48F643594032DA5500340 /* Copy whisper.cpp libraries */,
			);
			buildRules = (
			);
			dependencies = (
			);
			name = VoiceInk;
			packageProductDependencies = (
			);
			productName = VoiceInk;
			productReference = C2502B4CE99CBF2A108F411A /* VoiceInk.app */;
			productType = "com.apple.product-type.application";
		};
		4B3D0176077F26BEFBFFF8E1 /* VoiceInkTests */ = {
			isa = PBXNativeTarget;
			buildConfigurationList = 59432354AF44F9615B7B6683 /* Build configuration list for PBXNativeTarget "VoiceInkTests" */;
			buildPhases = (
				B3E83AA385E28F7AFAA7E8D7 /* Sources */,
			);
			buildRules = (
			);
			dependencies = (
				BA9AD886699FB2BD3DDD981B /* PBXTargetDependency */,
			);
			name = VoiceInkTests;
			packageProductDependencies = (
			);
			productName = VoiceInkTests;
			productReference = B03DE0B860DDCE35CE8B2EA5 /* VoiceInkTests.xctest */;
			productType = "com.apple.product-type.bundle.unit-test";
		};
/* End PBXNativeTarget section */

/* Begin PBXProject section */
		77A3E2B0D27A92A500CC8D6C /* Project object */ = {
			isa = PBXProject;
			attributes = {
				BuildIndependentTargetsInParallel = YES;
				LastUpgradeCheck = 1430;
				TargetAttributes = {
				};
			};
			buildConfigurationList = 0C2BB2BABDC264F74DEF6D75 /* Build configuration list for PBXProject "VoiceInk" */;
			developmentRegion = en;
			hasScannedForEncodings = 0;
			knownRegions = (
				Base,
				en,
			);
			mainGroup = 40D6E563F4376356BA8EBE3F;
			minimizedProjectReferenceProxies = 1;
			preferredProjectObjectVersion = 77;
			productRefGroup = 5762403592D3FAE401851620 /* Products */;
			projectDirPath = "";
			projectRoot = "";
			targets = (
				14C32B0FB4CA7748C34108EC /* VoiceInk */,
				4B3D0176077F26BEFBFFF8E1 /* VoiceInkTests */,
			);
		};
/* End PBXProject section */

/* Begin PBXShellScriptBuildPhase section */
		26B48F643594032DA5500340 /* Copy whisper.cpp libraries */ = {
			isa = PBXShellScriptBuildPhase;
			buildActionMask = 2147483647;
			files = (
			);
			inputFileListPaths = (
			);
			inputPaths = (
			);
			name = "Copy whisper.cpp libraries";
			outputFileListPaths = (
			);
			outputPaths = (
			);
			runOnlyForDeploymentPostprocessing = 0;
			shellPath = /bin/sh;
			shellScript = "# Copy dylibs to Frameworks\nmkdir -p \"${TARGET_BUILD_DIR}/${FRAMEWORKS_FOLDER_PATH}\"\ncp \"${PROJECT_DIR}/libs/\"*.dylib \"${TARGET_BUILD_DIR}/${FRAMEWORKS_FOLDER_PATH}/\"\n";
		};
/* End PBXShellScriptBuildPhase section */

/* Begin PBXSourcesBuildPhase section */
		8DECE9BD8A767F3029C1C183 /* Sources */ = {
			isa = PBXSourcesBuildPhase;
			buildActionMask = 2147483647;
			files = (
				77DD97C0AB9DB47FA06A1894 /* DictionaryReplacer.swift in Sources */,
				D6D73C112B0095A41E0DCD11 /* HotkeyManager.swift in Sources */,
				B79ABFAD931AFACD50C4E5D3 /* Paster.swift in Sources */,
				4EFAFF0BCD544E92BF2ABB33 /* Recorder.swift in Sources */,
				13E87B86EB2125C8607849A6 /* VoiceInkApp.swift in Sources */,
				F9088CE755FFA383D520DCC1 /* WhisperEngine.swift in Sources */,
			);
			runOnlyForDeploymentPostprocessing = 0;
		};
		B3E83AA385E28F7AFAA7E8D7 /* Sources */ = {
			isa = PBXSourcesBuildPhase;
			buildActionMask = 2147483647;
			files = (
				11898A5518DE94973CB60CE6 /* DictionaryReplacerTests.swift in Sources */,
			);
			runOnlyForDeploymentPostprocessing = 0;
		};
/* End PBXSourcesBuildPhase section */

/* Begin PBXTargetDependency section */
		BA9AD886699FB2BD3DDD981B /* PBXTargetDependency */ = {
			isa = PBXTargetDependency;
			target = 14C32B0FB4CA7748C34108EC /* VoiceInk */;
			targetProxy = B9BF15C40BC1236FA01D6555 /* PBXContainerItemProxy */;
		};
/* End PBXTargetDependency section */

/* Begin XCBuildConfiguration section */
		37C280D4BDE82DA07CC0CBDC /* Debug */ = {
			isa = XCBuildConfiguration;
			buildSettings = {
				ASSETCATALOG_COMPILER_APPICON_NAME = AppIcon;
				CODE_SIGN_ENTITLEMENTS = VoiceInk/VoiceInk.entitlements;
				CODE_SIGN_IDENTITY = "-";
				COMBINE_HIDPI_IMAGES = YES;
				GENERATE_INFOPLIST_FILE = NO;
				HEADER_SEARCH_PATHS = (
					"$(PROJECT_DIR)/include",
				);
				INFOPLIST_FILE = VoiceInk/Info.plist;
				LD_RUNPATH_SEARCH_PATHS = (
					"@executable_path/../Frameworks",
				);
				LIBRARY_SEARCH_PATHS = (
					"$(PROJECT_DIR)/libs",
				);
				OTHER_LDFLAGS = (
					"-lwhisper",
				);
				PRODUCT_BUNDLE_IDENTIFIER = com.firat.VoiceInk;
				SDKROOT = macosx;
				SWIFT_INCLUDE_PATHS = (
					"$(PROJECT_DIR)/VoiceInk/whisper-bridge",
				);
			};
			name = Debug;
		};
		89B8C69BB409E8964EE6151E /* Debug */ = {
			isa = XCBuildConfiguration;
			buildSettings = {
				ALWAYS_SEARCH_USER_PATHS = NO;
				CLANG_ANALYZER_NONNULL = YES;
				CLANG_ANALYZER_NUMBER_OBJECT_CONVERSION = YES_AGGRESSIVE;
				CLANG_CXX_LANGUAGE_STANDARD = "gnu++14";
				CLANG_CXX_LIBRARY = "libc++";
				CLANG_ENABLE_MODULES = YES;
				CLANG_ENABLE_OBJC_ARC = YES;
				CLANG_ENABLE_OBJC_WEAK = YES;
				CLANG_WARN_BLOCK_CAPTURE_AUTORELEASING = YES;
				CLANG_WARN_BOOL_CONVERSION = YES;
				CLANG_WARN_COMMA = YES;
				CLANG_WARN_CONSTANT_CONVERSION = YES;
				CLANG_WARN_DEPRECATED_OBJC_IMPLEMENTATIONS = YES;
				CLANG_WARN_DIRECT_OBJC_ISA_USAGE = YES_ERROR;
				CLANG_WARN_DOCUMENTATION_COMMENTS = YES;
				CLANG_WARN_EMPTY_BODY = YES;
				CLANG_WARN_ENUM_CONVERSION = YES;
				CLANG_WARN_INFINITE_RECURSION = YES;
				CLANG_WARN_INT_CONVERSION = YES;
				CLANG_WARN_NON_LITERAL_NULL_CONVERSION = YES;
				CLANG_WARN_OBJC_IMPLICIT_RETAIN_SELF = YES;
				CLANG_WARN_OBJC_LITERAL_CONVERSION = YES;
				CLANG_WARN_OBJC_ROOT_CLASS = YES_ERROR;
				CLANG_WARN_QUOTED_INCLUDE_IN_FRAMEWORK_HEADER = YES;
				CLANG_WARN_RANGE_LOOP_ANALYSIS = YES;
				CLANG_WARN_STRICT_PROTOTYPES = YES;
				CLANG_WARN_SUSPICIOUS_MOVE = YES;
				CLANG_WARN_UNGUARDED_AVAILABILITY = YES_AGGRESSIVE;
				CLANG_WARN_UNREACHABLE_CODE = YES;
				CLANG_WARN__DUPLICATE_METHOD_MATCH = YES;
				COPY_PHASE_STRIP = NO;
				DEBUG_INFORMATION_FORMAT = dwarf;
				ENABLE_STRICT_OBJC_MSGSEND = YES;
				ENABLE_TESTABILITY = YES;
				GCC_C_LANGUAGE_STANDARD = gnu11;
				GCC_DYNAMIC_NO_PIC = NO;
				GCC_NO_COMMON_BLOCKS = YES;
				GCC_OPTIMIZATION_LEVEL = 0;
				GCC_PREPROCESSOR_DEFINITIONS = (
					"$(inherited)",
					"DEBUG=1",
				);
				GCC_WARN_64_TO_32_BIT_CONVERSION = YES;
				GCC_WARN_ABOUT_RETURN_TYPE = YES_ERROR;
				GCC_WARN_UNDECLARED_SELECTOR = YES;
				GCC_WARN_UNINITIALIZED_AUTOS = YES_AGGRESSIVE;
				GCC_WARN_UNUSED_FUNCTION = YES;
				GCC_WARN_UNUSED_VARIABLE = YES;
				MACOSX_DEPLOYMENT_TARGET = 14.0;
				MTL_ENABLE_DEBUG_INFO = INCLUDE_SOURCE;
				MTL_FAST_MATH = YES;
				ONLY_ACTIVE_ARCH = YES;
				PRODUCT_NAME = "$(TARGET_NAME)";
				SDKROOT = macosx;
				SWIFT_ACTIVE_COMPILATION_CONDITIONS = DEBUG;
				SWIFT_OPTIMIZATION_LEVEL = "-Onone";
				SWIFT_VERSION = 6.0;
			};
			name = Debug;
		};
		AA6E84176CB208ACA7A1E790 /* Release */ = {
			isa = XCBuildConfiguration;
			buildSettings = {
				BUNDLE_LOADER = "$(TEST_HOST)";
				COMBINE_HIDPI_IMAGES = YES;
				GENERATE_INFOPLIST_FILE = YES;
				HEADER_SEARCH_PATHS = (
					"$(PROJECT_DIR)/include",
				);
				LD_RUNPATH_SEARCH_PATHS = (
					"$(inherited)",
					"@executable_path/../Frameworks",
					"@loader_path/../Frameworks",
				);
				LIBRARY_SEARCH_PATHS = (
					"$(PROJECT_DIR)/libs",
				);
				PRODUCT_BUNDLE_IDENTIFIER = com.firat.VoiceInkTests;
				SDKROOT = macosx;
				SWIFT_INCLUDE_PATHS = (
					"$(PROJECT_DIR)/VoiceInk/whisper-bridge",
				);
				TEST_HOST = "$(BUILT_PRODUCTS_DIR)/VoiceInk.app/Contents/MacOS/VoiceInk";
			};
			name = Release;
		};
		BEEBE7D24B196F1F9FF72DA9 /* Release */ = {
			isa = XCBuildConfiguration;
			buildSettings = {
				ALWAYS_SEARCH_USER_PATHS = NO;
				CLANG_ANALYZER_NONNULL = YES;
				CLANG_ANALYZER_NUMBER_OBJECT_CONVERSION = YES_AGGRESSIVE;
				CLANG_CXX_LANGUAGE_STANDARD = "gnu++14";
				CLANG_CXX_LIBRARY = "libc++";
				CLANG_ENABLE_MODULES = YES;
				CLANG_ENABLE_OBJC_ARC = YES;
				CLANG_ENABLE_OBJC_WEAK = YES;
				CLANG_WARN_BLOCK_CAPTURE_AUTORELEASING = YES;
				CLANG_WARN_BOOL_CONVERSION = YES;
				CLANG_WARN_COMMA = YES;
				CLANG_WARN_CONSTANT_CONVERSION = YES;
				CLANG_WARN_DEPRECATED_OBJC_IMPLEMENTATIONS = YES;
				CLANG_WARN_DIRECT_OBJC_ISA_USAGE = YES_ERROR;
				CLANG_WARN_DOCUMENTATION_COMMENTS = YES;
				CLANG_WARN_EMPTY_BODY = YES;
				CLANG_WARN_ENUM_CONVERSION = YES;
				CLANG_WARN_INFINITE_RECURSION = YES;
				CLANG_WARN_INT_CONVERSION = YES;
				CLANG_WARN_NON_LITERAL_NULL_CONVERSION = YES;
				CLANG_WARN_OBJC_IMPLICIT_RETAIN_SELF = YES;
				CLANG_WARN_OBJC_LITERAL_CONVERSION = YES;
				CLANG_WARN_OBJC_ROOT_CLASS = YES_ERROR;
				CLANG_WARN_QUOTED_INCLUDE_IN_FRAMEWORK_HEADER = YES;
				CLANG_WARN_RANGE_LOOP_ANALYSIS = YES;
				CLANG_WARN_STRICT_PROTOTYPES = YES;
				CLANG_WARN_SUSPICIOUS_MOVE = YES;
				CLANG_WARN_UNGUARDED_AVAILABILITY = YES_AGGRESSIVE;
				CLANG_WARN_UNREACHABLE_CODE = YES;
				CLANG_WARN__DUPLICATE_METHOD_MATCH = YES;
				COPY_PHASE_STRIP = NO;
				DEBUG_INFORMATION_FORMAT = "dwarf-with-dsym";
				ENABLE_NS_ASSERTIONS = NO;
				ENABLE_STRICT_OBJC_MSGSEND = YES;
				GCC_C_LANGUAGE_STANDARD = gnu11;
				GCC_NO_COMMON_BLOCKS = YES;
				GCC_WARN_64_TO_32_BIT_CONVERSION = YES;
				GCC_WARN_ABOUT_RETURN_TYPE = YES_ERROR;
				GCC_WARN_UNDECLARED_SELECTOR = YES;
				GCC_WARN_UNINITIALIZED_AUTOS = YES_AGGRESSIVE;
				GCC_WARN_UNUSED_FUNCTION = YES;
				GCC_WARN_UNUSED_VARIABLE = YES;
				MACOSX_DEPLOYMENT_TARGET = 14.0;
				MTL_ENABLE_DEBUG_INFO = NO;
				MTL_FAST_MATH = YES;
				PRODUCT_NAME = "$(TARGET_NAME)";
				SDKROOT = macosx;
				SWIFT_COMPILATION_MODE = wholemodule;
				SWIFT_OPTIMIZATION_LEVEL = "-O";
				SWIFT_VERSION = 6.0;
			};
			name = Release;
		};
		BFEC44F3728D37F5FFE7EF46 /* Debug */ = {
			isa = XCBuildConfiguration;
			buildSettings = {
				BUNDLE_LOADER = "$(TEST_HOST)";
				COMBINE_HIDPI_IMAGES = YES;
				GENERATE_INFOPLIST_FILE = YES;
				HEADER_SEARCH_PATHS = (
					"$(PROJECT_DIR)/include",
				);
				LD_RUNPATH_SEARCH_PATHS = (
					"$(inherited)",
					"@executable_path/../Frameworks",
					"@loader_path/../Frameworks",
				);
				LIBRARY_SEARCH_PATHS = (
					"$(PROJECT_DIR)/libs",
				);
				PRODUCT_BUNDLE_IDENTIFIER = com.firat.VoiceInkTests;
				SDKROOT = macosx;
				SWIFT_INCLUDE_PATHS = (
					"$(PROJECT_DIR)/VoiceInk/whisper-bridge",
				);
				TEST_HOST = "$(BUILT_PRODUCTS_DIR)/VoiceInk.app/Contents/MacOS/VoiceInk";
			};
			name = Debug;
		};
		EC9F6C4D46B0629EE4C9CF7C /* Release */ = {
			isa = XCBuildConfiguration;
			buildSettings = {
				ASSETCATALOG_COMPILER_APPICON_NAME = AppIcon;
				CODE_SIGN_ENTITLEMENTS = VoiceInk/VoiceInk.entitlements;
				CODE_SIGN_IDENTITY = "-";
				COMBINE_HIDPI_IMAGES = YES;
				GENERATE_INFOPLIST_FILE = NO;
				HEADER_SEARCH_PATHS = (
					"$(PROJECT_DIR)/include",
				);
				INFOPLIST_FILE = VoiceInk/Info.plist;
				LD_RUNPATH_SEARCH_PATHS = (
					"@executable_path/../Frameworks",
				);
				LIBRARY_SEARCH_PATHS = (
					"$(PROJECT_DIR)/libs",
				);
				OTHER_LDFLAGS = (
					"-lwhisper",
				);
				PRODUCT_BUNDLE_IDENTIFIER = com.firat.VoiceInk;
				SDKROOT = macosx;
				SWIFT_INCLUDE_PATHS = (
					"$(PROJECT_DIR)/VoiceInk/whisper-bridge",
				);
			};
			name = Release;
		};
/* End XCBuildConfiguration section */

/* Begin XCConfigurationList section */
		0761A439EEF628F5EE344AF5 /* Build configuration list for PBXNativeTarget "VoiceInk" */ = {
			isa = XCConfigurationList;
			buildConfigurations = (
				37C280D4BDE82DA07CC0CBDC /* Debug */,
				EC9F6C4D46B0629EE4C9CF7C /* Release */,
			);
			defaultConfigurationIsVisible = 0;
			defaultConfigurationName = Debug;
		};
		0C2BB2BABDC264F74DEF6D75 /* Build configuration list for PBXProject "VoiceInk" */ = {
			isa = XCConfigurationList;
			buildConfigurations = (
				89B8C69BB409E8964EE6151E /* Debug */,
				BEEBE7D24B196F1F9FF72DA9 /* Release */,
			);
			defaultConfigurationIsVisible = 0;
			defaultConfigurationName = Debug;
		};
		59432354AF44F9615B7B6683 /* Build configuration list for PBXNativeTarget "VoiceInkTests" */ = {
			isa = XCConfigurationList;
			buildConfigurations = (
				BFEC44F3728D37F5FFE7EF46 /* Debug */,
				AA6E84176CB208ACA7A1E790 /* Release */,
			);
			defaultConfigurationIsVisible = 0;
			defaultConfigurationName = Debug;
		};
/* End XCConfigurationList section */
	};
	rootObject = 77A3E2B0D27A92A500CC8D6C /* Project object */;
}
