// !$*UTF8*$!
{
	archiveVersion = 1;
	classes = {
	};
	objectVersion = 77;
	objects = {

/* Begin PBXBuildFile section */
		07DEF45560540C8C6724AD41 /* DictionaryReplacerTests.swift in Sources */ = {isa = PBXBuildFile; fileRef = AF950E7DB7D80D8518F4BDD5 /* DictionaryReplacerTests.swift */; };
		0CB585B8D3654E8A0F4D86C9 /* Assets.xcassets in Resources */ = {isa = PBXBuildFile; fileRef = 4DEE71A9BAE21814D61529A5 /* Assets.xcassets */; };
		14FE5FC92301A89760697D9E /* RecordingOverlay.swift in Sources */ = {isa = PBXBuildFile; fileRef = D47C4F17DDA4C289B08EE5B2 /* RecordingOverlay.swift */; };
		17FB1EED5737DAAAB8D34299 /* HotkeySettingsView.swift in Sources */ = {isa = PBXBuildFile; fileRef = 5E08C83280F7F7E2101AC270 /* HotkeySettingsView.swift */; };
		2436A9C3B009ED234B9E8101 /* WhisperEngine.swift in Sources */ = {isa = PBXBuildFile; fileRef = 60A72A4C6C5644F305467B56 /* WhisperEngine.swift */; };
		28DA8997C53CD89391251AE0 /* OverlayPositioner.swift in Sources */ = {isa = PBXBuildFile; fileRef = 2BCD2EC717262DDEEB5E2925 /* OverlayPositioner.swift */; };
		52CACB94D958B42494DC15CA /* HotkeyTests.swift in Sources */ = {isa = PBXBuildFile; fileRef = 40A0D45C1D239D586DA462A4 /* HotkeyTests.swift */; };
		5E4D71E813ADE6C2C7987DF8 /* CoordinateConverter.swift in Sources */ = {isa = PBXBuildFile; fileRef = C9D81F36952092DABCFE75FD /* CoordinateConverter.swift */; };
		607B35308C276C94BEEF6E0B /* MyVoiceApp.swift in Sources */ = {isa = PBXBuildFile; fileRef = C5C36AAD210634418CF21BF1 /* MyVoiceApp.swift */; };
		95BA3EB15268AABFE95F9B4F /* KeyboardShortcuts in Frameworks */ = {isa = PBXBuildFile; productRef = 33B93BCB92F16DA02F66145B /* KeyboardShortcuts */; };
		B01CB48D78CC82B85B8DFEA1 /* DictionaryReplacer.swift in Sources */ = {isa = PBXBuildFile; fileRef = 1749D857037E62AF08B59AEA /* DictionaryReplacer.swift */; };
		B1CC4E27CE6B6AE4A52F3C05 /* Paster.swift in Sources */ = {isa = PBXBuildFile; fileRef = 35E56EB97DE64D6F0DA31416 /* Paster.swift */; };
		CFD0E4CF121FD28E7EB7E0CE /* Recorder.swift in Sources */ = {isa = PBXBuildFile; fileRef = EF52234D3EB1EDB2B6311AF9 /* Recorder.swift */; };
		D75CF7E6A0938F2EC9063479 /* CursorOverlayTests.swift in Sources */ = {isa = PBXBuildFile; fileRef = 513C1FDE3EE5FE16CDFB6E70 /* CursorOverlayTests.swift */; };
		DF3989A10F29B37AD9CEF014 /* HotkeyDisplayHelper.swift in Sources */ = {isa = PBXBuildFile; fileRef = B51580B7BE45E046AF7C999B /* HotkeyDisplayHelper.swift */; };
		F9D005996BA5DDA38CCA5092 /* CursorLocator.swift in Sources */ = {isa = PBXBuildFile; fileRef = E6AB03D4AB369FB42739E1DD /* CursorLocator.swift */; };
/* End PBXBuildFile section */

/* Begin PBXContainerItemProxy section */
		578B1ECE839F884E12B87B54 /* PBXContainerItemProxy */ = {
			isa = PBXContainerItemProxy;
			containerPortal = 0BC224550632D9EFC4BAE5E7 /* Project object */;
			proxyType = 1;
			remoteGlobalIDString = AC849DAF79252CB9F4BB7779;
			remoteInfo = MyVoice;
		};
/* End PBXContainerItemProxy section */

/* Begin PBXFileReference section */
		1749D857037E62AF08B59AEA /* DictionaryReplacer.swift */ = {isa = PBXFileReference; lastKnownFileType = sourcecode.swift; path = DictionaryReplacer.swift; sourceTree = "<group>"; };
		2BCD2EC717262DDEEB5E2925 /* OverlayPositioner.swift */ = {isa = PBXFileReference; lastKnownFileType = sourcecode.swift; path = OverlayPositioner.swift; sourceTree = "<group>"; };
		35E56EB97DE64D6F0DA31416 /* Paster.swift */ = {isa = PBXFileReference; lastKnownFileType = sourcecode.swift; path = Paster.swift; sourceTree = "<group>"; };
		40A0D45C1D239D586DA462A4 /* HotkeyTests.swift */ = {isa = PBXFileReference; lastKnownFileType = sourcecode.swift; path = HotkeyTests.swift; sourceTree = "<group>"; };
		4DEE71A9BAE21814D61529A5 /* Assets.xcassets */ = {isa = PBXFileReference; lastKnownFileType = folder.assetcatalog; path = Assets.xcassets; sourceTree = "<group>"; };
		513C1FDE3EE5FE16CDFB6E70 /* CursorOverlayTests.swift */ = {isa = PBXFileReference; lastKnownFileType = sourcecode.swift; path = CursorOverlayTests.swift; sourceTree = "<group>"; };
		5E08C83280F7F7E2101AC270 /* HotkeySettingsView.swift */ = {isa = PBXFileReference; lastKnownFileType = sourcecode.swift; path = HotkeySettingsView.swift; sourceTree = "<group>"; };
		60A72A4C6C5644F305467B56 /* WhisperEngine.swift */ = {isa = PBXFileReference; lastKnownFileType = sourcecode.swift; path = WhisperEngine.swift; sourceTree = "<group>"; };
		AF950E7DB7D80D8518F4BDD5 /* DictionaryReplacerTests.swift */ = {isa = PBXFileReference; lastKnownFileType = sourcecode.swift; path = DictionaryReplacerTests.swift; sourceTree = "<group>"; };
		B12C9A4784567F2FF8308AB7 /* MyVoiceTests.xctest */ = {isa = PBXFileReference; explicitFileType = wrapper.cfbundle; includeInIndex = 0; path = MyVoiceTests.xctest; sourceTree = BUILT_PRODUCTS_DIR; };
		B51580B7BE45E046AF7C999B /* HotkeyDisplayHelper.swift */ = {isa = PBXFileReference; lastKnownFileType = sourcecode.swift; path = HotkeyDisplayHelper.swift; sourceTree = "<group>"; };
		C5C36AAD210634418CF21BF1 /* MyVoiceApp.swift */ = {isa = PBXFileReference; lastKnownFileType = sourcecode.swift; path = MyVoiceApp.swift; sourceTree = "<group>"; };
		C9D81F36952092DABCFE75FD /* CoordinateConverter.swift */ = {isa = PBXFileReference; lastKnownFileType = sourcecode.swift; path = CoordinateConverter.swift; sourceTree = "<group>"; };
		D3E41F64344310B6F525DAFB /* MyVoice.app */ = {isa = PBXFileReference; explicitFileType = wrapper.application; includeInIndex = 0; path = MyVoice.app; sourceTree = BUILT_PRODUCTS_DIR; };
		D47C4F17DDA4C289B08EE5B2 /* RecordingOverlay.swift */ = {isa = PBXFileReference; lastKnownFileType = sourcecode.swift; path = RecordingOverlay.swift; sourceTree = "<group>"; };
		E6AB03D4AB369FB42739E1DD /* CursorLocator.swift */ = {isa = PBXFileReference; lastKnownFileType = sourcecode.swift; path = CursorLocator.swift; sourceTree = "<group>"; };
		EF52234D3EB1EDB2B6311AF9 /* Recorder.swift */ = {isa = PBXFileReference; lastKnownFileType = sourcecode.swift; path = Recorder.swift; sourceTree = "<group>"; };
/* End PBXFileReference section */

/* Begin PBXFrameworksBuildPhase section */
		C4479BC5B8910CDDF28A11EA /* Frameworks */ = {
			isa = PBXFrameworksBuildPhase;
			buildActionMask = 2147483647;
			files = (
				95BA3EB15268AABFE95F9B4F /* KeyboardShortcuts in Frameworks */,
			);
			runOnlyForDeploymentPostprocessing = 0;
		};
/* End PBXFrameworksBuildPhase section */

/* Begin PBXGroup section */
		395809FCCCDE4EC0875458F7 /* MyVoiceTests */ = {
			isa = PBXGroup;
			children = (
				513C1FDE3EE5FE16CDFB6E70 /* CursorOverlayTests.swift */,
				AF950E7DB7D80D8518F4BDD5 /* DictionaryReplacerTests.swift */,
				40A0D45C1D239D586DA462A4 /* HotkeyTests.swift */,
			);
			path = MyVoiceTests;
			sourceTree = "<group>";
		};
		4E1510E6B3EE7BFC32D707C5 = {
			isa = PBXGroup;
			children = (
				AB8FDBEA4A326BABC22548E6 /* MyVoice */,
				395809FCCCDE4EC0875458F7 /* MyVoiceTests */,
				70E758DC090473D487FCE990 /* Products */,
			);
			sourceTree = "<group>";
		};
		70E758DC090473D487FCE990 /* Products */ = {
			isa = PBXGroup;
			children = (
				D3E41F64344310B6F525DAFB /* MyVoice.app */,
				B12C9A4784567F2FF8308AB7 /* MyVoiceTests.xctest */,
			);
			name = Products;
			sourceTree = "<group>";
		};
		AB8FDBEA4A326BABC22548E6 /* MyVoice */ = {
			isa = PBXGroup;
			children = (
				4DEE71A9BAE21814D61529A5 /* Assets.xcassets */,
				C9D81F36952092DABCFE75FD /* CoordinateConverter.swift */,
				E6AB03D4AB369FB42739E1DD /* CursorLocator.swift */,
				1749D857037E62AF08B59AEA /* DictionaryReplacer.swift */,
				B51580B7BE45E046AF7C999B /* HotkeyDisplayHelper.swift */,
				5E08C83280F7F7E2101AC270 /* HotkeySettingsView.swift */,
				C5C36AAD210634418CF21BF1 /* MyVoiceApp.swift */,
				2BCD2EC717262DDEEB5E2925 /* OverlayPositioner.swift */,
				35E56EB97DE64D6F0DA31416 /* Paster.swift */,
				EF52234D3EB1EDB2B6311AF9 /* Recorder.swift */,
				D47C4F17DDA4C289B08EE5B2 /* RecordingOverlay.swift */,
				60A72A4C6C5644F305467B56 /* WhisperEngine.swift */,
			);
			path = MyVoice;
			sourceTree = "<group>";
		};
/* End PBXGroup section */

/* Begin PBXNativeTarget section */
		79D5DFC59C6FF78E79288928 /* MyVoiceTests */ = {
			isa = PBXNativeTarget;
			buildConfigurationList = AB7C30718BF0186C02018AB7 /* Build configuration list for PBXNativeTarget "MyVoiceTests" */;
			buildPhases = (
				69515ACD54BD2CACC7F0DF8D /* Sources */,
			);
			buildRules = (
			);
			dependencies = (
				161045B01903D18A92189E00 /* PBXTargetDependency */,
			);
			name = MyVoiceTests;
			packageProductDependencies = (
			);
			productName = MyVoiceTests;
			productReference = B12C9A4784567F2FF8308AB7 /* MyVoiceTests.xctest */;
			productType = "com.apple.product-type.bundle.unit-test";
		};
		AC849DAF79252CB9F4BB7779 /* MyVoice */ = {
			isa = PBXNativeTarget;
			buildConfigurationList = F0F147FFDB2AF6751B486691 /* Build configuration list for PBXNativeTarget "MyVoice" */;
			buildPhases = (
				49BF1265E0CB32DA3F9B4A54 /* Sources */,
				18E4999A8677F3B0DBFF550B /* Copy whisper.cpp libraries */,
				9796B6857CDCEA2C23519872 /* Resources */,
				C4479BC5B8910CDDF28A11EA /* Frameworks */,
			);
			buildRules = (
			);
			dependencies = (
			);
			name = MyVoice;
			packageProductDependencies = (
				33B93BCB92F16DA02F66145B /* KeyboardShortcuts */,
			);
			productName = MyVoice;
			productReference = D3E41F64344310B6F525DAFB /* MyVoice.app */;
			productType = "com.apple.product-type.application";
		};
/* End PBXNativeTarget section */

/* Begin PBXProject section */
		0BC224550632D9EFC4BAE5E7 /* Project object */ = {
			isa = PBXProject;
			attributes = {
				BuildIndependentTargetsInParallel = YES;
				LastUpgradeCheck = 1430;
				TargetAttributes = {
					AC849DAF79252CB9F4BB7779 = {
						DevelopmentTeam = M9UJ296PUQ;
						ProvisioningStyle = Automatic;
					};
				};
			};
			buildConfigurationList = F4169D3248D1191B259EB568 /* Build configuration list for PBXProject "MyVoice" */;
			developmentRegion = en;
			hasScannedForEncodings = 0;
			knownRegions = (
				Base,
				en,
			);
			mainGroup = 4E1510E6B3EE7BFC32D707C5;
			minimizedProjectReferenceProxies = 1;
			packageReferences = (
				645FD9ED13DE319FC9A88A37 /* XCRemoteSwiftPackageReference "KeyboardShortcuts" */,
			);
			preferredProjectObjectVersion = 77;
			productRefGroup = 70E758DC090473D487FCE990 /* Products */;
			projectDirPath = "";
			projectRoot = "";
			targets = (
				AC849DAF79252CB9F4BB7779 /* MyVoice */,
				79D5DFC59C6FF78E79288928 /* MyVoiceTests */,
			);
		};
/* End PBXProject section */

/* Begin PBXResourcesBuildPhase section */
		9796B6857CDCEA2C23519872 /* Resources */ = {
			isa = PBXResourcesBuildPhase;
			buildActionMask = 2147483647;
			files = (
				0CB585B8D3654E8A0F4D86C9 /* Assets.xcassets in Resources */,
			);
			runOnlyForDeploymentPostprocessing = 0;
		};
/* End PBXResourcesBuildPhase section */

/* Begin PBXShellScriptBuildPhase section */
		18E4999A8677F3B0DBFF550B /* Copy whisper.cpp libraries */ = {
			isa = PBXShellScriptBuildPhase;
			buildActionMask = 2147483647;
			files = (
			);
			inputFileListPaths = (
			);
			inputPaths = (
			);
			name = "Copy whisper.cpp libraries";
			outputFileListPaths = (
			);
			outputPaths = (
			);
			runOnlyForDeploymentPostprocessing = 0;
			shellPath = /bin/sh;
			shellScript = "# Copy dylibs to Frameworks\nmkdir -p \"${TARGET_BUILD_DIR}/${FRAMEWORKS_FOLDER_PATH}\"\ncp \"${PROJECT_DIR}/libs/\"*.dylib \"${TARGET_BUILD_DIR}/${FRAMEWORKS_FOLDER_PATH}/\"\n";
		};
/* End PBXShellScriptBuildPhase section */

/* Begin PBXSourcesBuildPhase section */
		49BF1265E0CB32DA3F9B4A54 /* Sources */ = {
			isa = PBXSourcesBuildPhase;
			buildActionMask = 2147483647;
			files = (
				5E4D71E813ADE6C2C7987DF8 /* CoordinateConverter.swift in Sources */,
				F9D005996BA5DDA38CCA5092 /* CursorLocator.swift in Sources */,
				B01CB48D78CC82B85B8DFEA1 /* DictionaryReplacer.swift in Sources */,
				DF3989A10F29B37AD9CEF014 /* HotkeyDisplayHelper.swift in Sources */,
				17FB1EED5737DAAAB8D34299 /* HotkeySettingsView.swift in Sources */,
				607B35308C276C94BEEF6E0B /* MyVoiceApp.swift in Sources */,
				28DA8997C53CD89391251AE0 /* OverlayPositioner.swift in Sources */,
				B1CC4E27CE6B6AE4A52F3C05 /* Paster.swift in Sources */,
				CFD0E4CF121FD28E7EB7E0CE /* Recorder.swift in Sources */,
				14FE5FC92301A89760697D9E /* RecordingOverlay.swift in Sources */,
				2436A9C3B009ED234B9E8101 /* WhisperEngine.swift in Sources */,
			);
			runOnlyForDeploymentPostprocessing = 0;
		};
		69515ACD54BD2CACC7F0DF8D /* Sources */ = {
			isa = PBXSourcesBuildPhase;
			buildActionMask = 2147483647;
			files = (
				D75CF7E6A0938F2EC9063479 /* CursorOverlayTests.swift in Sources */,
				07DEF45560540C8C6724AD41 /* DictionaryReplacerTests.swift in Sources */,
				52CACB94D958B42494DC15CA /* HotkeyTests.swift in Sources */,
			);
			runOnlyForDeploymentPostprocessing = 0;
		};
/* End PBXSourcesBuildPhase section */

/* Begin PBXTargetDependency section */
		161045B01903D18A92189E00 /* PBXTargetDependency */ = {
			isa = PBXTargetDependency;
			target = AC849DAF79252CB9F4BB7779 /* MyVoice */;
			targetProxy = 578B1ECE839F884E12B87B54 /* PBXContainerItemProxy */;
		};
/* End PBXTargetDependency section */

/* Begin XCBuildConfiguration section */
		964F2314CA857007DC68A40E /* Debug */ = {
			isa = XCBuildConfiguration;
			buildSettings = {
				ASSETCATALOG_COMPILER_APPICON_NAME = AppIcon;
				CODE_SIGN_ENTITLEMENTS = MyVoice/MyVoice.entitlements;
				CODE_SIGN_IDENTITY = "Apple Development";
				CODE_SIGN_STYLE = Automatic;
				COMBINE_HIDPI_IMAGES = YES;
				DEVELOPMENT_TEAM = M9UJ296PUQ;
				GENERATE_INFOPLIST_FILE = NO;
				HEADER_SEARCH_PATHS = (
					"$(PROJECT_DIR)/include",
				);
				INFOPLIST_FILE = MyVoice/Info.plist;
				LD_RUNPATH_SEARCH_PATHS = (
					"@executable_path/../Frameworks",
				);
				LIBRARY_SEARCH_PATHS = (
					"$(PROJECT_DIR)/libs",
				);
				OTHER_LDFLAGS = (
					"-lwhisper",
				);
				PRODUCT_BUNDLE_IDENTIFIER = com.firat.MyVoice;
				SDKROOT = macosx;
				SWIFT_INCLUDE_PATHS = (
					"$(PROJECT_DIR)/MyVoice/whisper-bridge",
				);
			};
			name = Debug;
		};
		B2A990C01576EA180D8666A9 /* Debug */ = {
			isa = XCBuildConfiguration;
			buildSettings = {
				ALWAYS_SEARCH_USER_PATHS = NO;
				CLANG_ANALYZER_NONNULL = YES;
				CLANG_ANALYZER_NUMBER_OBJECT_CONVERSION = YES_AGGRESSIVE;
				CLANG_CXX_LANGUAGE_STANDARD = "gnu++14";
				CLANG_CXX_LIBRARY = "libc++";
				CLANG_ENABLE_MODULES = YES;
				CLANG_ENABLE_OBJC_ARC = YES;
				CLANG_ENABLE_OBJC_WEAK = YES;
				CLANG_WARN_BLOCK_CAPTURE_AUTORELEASING = YES;
				CLANG_WARN_BOOL_CONVERSION = YES;
				CLANG_WARN_COMMA = YES;
				CLANG_WARN_CONSTANT_CONVERSION = YES;
				CLANG_WARN_DEPRECATED_OBJC_IMPLEMENTATIONS = YES;
				CLANG_WARN_DIRECT_OBJC_ISA_USAGE = YES_ERROR;
				CLANG_WARN_DOCUMENTATION_COMMENTS = YES;
				CLANG_WARN_EMPTY_BODY = YES;
				CLANG_WARN_ENUM_CONVERSION = YES;
				CLANG_WARN_INFINITE_RECURSION = YES;
				CLANG_WARN_INT_CONVERSION = YES;
				CLANG_WARN_NON_LITERAL_NULL_CONVERSION = YES;
				CLANG_WARN_OBJC_IMPLICIT_RETAIN_SELF = YES;
				CLANG_WARN_OBJC_LITERAL_CONVERSION = YES;
				CLANG_WARN_OBJC_ROOT_CLASS = YES_ERROR;
				CLANG_WARN_QUOTED_INCLUDE_IN_FRAMEWORK_HEADER = YES;
				CLANG_WARN_RANGE_LOOP_ANALYSIS = YES;
				CLANG_WARN_STRICT_PROTOTYPES = YES;
				CLANG_WARN_SUSPICIOUS_MOVE = YES;
				CLANG_WARN_UNGUARDED_AVAILABILITY = YES_AGGRESSIVE;
				CLANG_WARN_UNREACHABLE_CODE = YES;
				CLANG_WARN__DUPLICATE_METHOD_MATCH = YES;
				COPY_PHASE_STRIP = NO;
				DEBUG_INFORMATION_FORMAT = dwarf;
				ENABLE_STRICT_OBJC_MSGSEND = YES;
				ENABLE_TESTABILITY = YES;
				GCC_C_LANGUAGE_STANDARD = gnu11;
				GCC_DYNAMIC_NO_PIC = NO;
				GCC_NO_COMMON_BLOCKS = YES;
				GCC_OPTIMIZATION_LEVEL = 0;
				GCC_PREPROCESSOR_DEFINITIONS = (
					"$(inherited)",
					"DEBUG=1",
				);
				GCC_WARN_64_TO_32_BIT_CONVERSION = YES;
				GCC_WARN_ABOUT_RETURN_TYPE = YES_ERROR;
				GCC_WARN_UNDECLARED_SELECTOR = YES;
				GCC_WARN_UNINITIALIZED_AUTOS = YES_AGGRESSIVE;
				GCC_WARN_UNUSED_FUNCTION = YES;
				GCC_WARN_UNUSED_VARIABLE = YES;
				MACOSX_DEPLOYMENT_TARGET = 14.0;
				MTL_ENABLE_DEBUG_INFO = INCLUDE_SOURCE;
				MTL_FAST_MATH = YES;
				ONLY_ACTIVE_ARCH = YES;
				PRODUCT_NAME = "$(TARGET_NAME)";
				SDKROOT = macosx;
				SWIFT_ACTIVE_COMPILATION_CONDITIONS = DEBUG;
				SWIFT_OPTIMIZATION_LEVEL = "-Onone";
				SWIFT_VERSION = 6.0;
			};
			name = Debug;
		};
		CE25FC0AF0842D21B0DC5883 /* Debug */ = {
			isa = XCBuildConfiguration;
			buildSettings = {
				BUNDLE_LOADER = "$(TEST_HOST)";
				COMBINE_HIDPI_IMAGES = YES;
				GENERATE_INFOPLIST_FILE = YES;
				HEADER_SEARCH_PATHS = (
					"$(PROJECT_DIR)/include",
				);
				LD_RUNPATH_SEARCH_PATHS = (
					"$(inherited)",
					"@executable_path/../Frameworks",
					"@loader_path/../Frameworks",
				);
				LIBRARY_SEARCH_PATHS = (
					"$(PROJECT_DIR)/libs",
				);
				PRODUCT_BUNDLE_IDENTIFIER = com.firat.MyVoiceTests;
				SDKROOT = macosx;
				SWIFT_INCLUDE_PATHS = (
					"$(PROJECT_DIR)/MyVoice/whisper-bridge",
				);
				TEST_HOST = "$(BUILT_PRODUCTS_DIR)/MyVoice.app/Contents/MacOS/MyVoice";
			};
			name = Debug;
		};
		ED0D8F1DF1FA8606F5E7B2F3 /* Release */ = {
			isa = XCBuildConfiguration;
			buildSettings = {
				ALWAYS_SEARCH_USER_PATHS = NO;
				CLANG_ANALYZER_NONNULL = YES;
				CLANG_ANALYZER_NUMBER_OBJECT_CONVERSION = YES_AGGRESSIVE;
				CLANG_CXX_LANGUAGE_STANDARD = "gnu++14";
				CLANG_CXX_LIBRARY = "libc++";
				CLANG_ENABLE_MODULES = YES;
				CLANG_ENABLE_OBJC_ARC = YES;
				CLANG_ENABLE_OBJC_WEAK = YES;
				CLANG_WARN_BLOCK_CAPTURE_AUTORELEASING = YES;
				CLANG_WARN_BOOL_CONVERSION = YES;
				CLANG_WARN_COMMA = YES;
				CLANG_WARN_CONSTANT_CONVERSION = YES;
				CLANG_WARN_DEPRECATED_OBJC_IMPLEMENTATIONS = YES;
				CLANG_WARN_DIRECT_OBJC_ISA_USAGE = YES_ERROR;
				CLANG_WARN_DOCUMENTATION_COMMENTS = YES;
				CLANG_WARN_EMPTY_BODY = YES;
				CLANG_WARN_ENUM_CONVERSION = YES;
				CLANG_WARN_INFINITE_RECURSION = YES;
				CLANG_WARN_INT_CONVERSION = YES;
				CLANG_WARN_NON_LITERAL_NULL_CONVERSION = YES;
				CLANG_WARN_OBJC_IMPLICIT_RETAIN_SELF = YES;
				CLANG_WARN_OBJC_LITERAL_CONVERSION = YES;
				CLANG_WARN_OBJC_ROOT_CLASS = YES_ERROR;
				CLANG_WARN_QUOTED_INCLUDE_IN_FRAMEWORK_HEADER = YES;
				CLANG_WARN_RANGE_LOOP_ANALYSIS = YES;
				CLANG_WARN_STRICT_PROTOTYPES = YES;
				CLANG_WARN_SUSPICIOUS_MOVE = YES;
				CLANG_WARN_UNGUARDED_AVAILABILITY = YES_AGGRESSIVE;
				CLANG_WARN_UNREACHABLE_CODE = YES;
				CLANG_WARN__DUPLICATE_METHOD_MATCH = YES;
				COPY_PHASE_STRIP = NO;
				DEBUG_INFORMATION_FORMAT = "dwarf-with-dsym";
				ENABLE_NS_ASSERTIONS = NO;
				ENABLE_STRICT_OBJC_MSGSEND = YES;
				GCC_C_LANGUAGE_STANDARD = gnu11;
				GCC_NO_COMMON_BLOCKS = YES;
				GCC_WARN_64_TO_32_BIT_CONVERSION = YES;
				GCC_WARN_ABOUT_RETURN_TYPE = YES_ERROR;
				GCC_WARN_UNDECLARED_SELECTOR = YES;
				GCC_WARN_UNINITIALIZED_AUTOS = YES_AGGRESSIVE;
				GCC_WARN_UNUSED_FUNCTION = YES;
				GCC_WARN_UNUSED_VARIABLE = YES;
				MACOSX_DEPLOYMENT_TARGET = 14.0;
				MTL_ENABLE_DEBUG_INFO = NO;
				MTL_FAST_MATH = YES;
				PRODUCT_NAME = "$(TARGET_NAME)";
				SDKROOT = macosx;
				SWIFT_COMPILATION_MODE = wholemodule;
				SWIFT_OPTIMIZATION_LEVEL = "-O";
				SWIFT_VERSION = 6.0;
			};
			name = Release;
		};
		F358B75387D1EF2F5411B345 /* Release */ = {
			isa = XCBuildConfiguration;
			buildSettings = {
				BUNDLE_LOADER = "$(TEST_HOST)";
				COMBINE_HIDPI_IMAGES = YES;
				GENERATE_INFOPLIST_FILE = YES;
				HEADER_SEARCH_PATHS = (
					"$(PROJECT_DIR)/include",
				);
				LD_RUNPATH_SEARCH_PATHS = (
					"$(inherited)",
					"@executable_path/../Frameworks",
					"@loader_path/../Frameworks",
				);
				LIBRARY_SEARCH_PATHS = (
					"$(PROJECT_DIR)/libs",
				);
				PRODUCT_BUNDLE_IDENTIFIER = com.firat.MyVoiceTests;
				SDKROOT = macosx;
				SWIFT_INCLUDE_PATHS = (
					"$(PROJECT_DIR)/MyVoice/whisper-bridge",
				);
				TEST_HOST = "$(BUILT_PRODUCTS_DIR)/MyVoice.app/Contents/MacOS/MyVoice";
			};
			name = Release;
		};
		F675F3AD7DA1C193DCD4F210 /* Release */ = {
			isa = XCBuildConfiguration;
			buildSettings = {
				ASSETCATALOG_COMPILER_APPICON_NAME = AppIcon;
				CODE_SIGN_ENTITLEMENTS = MyVoice/MyVoice.entitlements;
				CODE_SIGN_IDENTITY = "Apple Development";
				CODE_SIGN_STYLE = Automatic;
				COMBINE_HIDPI_IMAGES = YES;
				DEVELOPMENT_TEAM = M9UJ296PUQ;
				GENERATE_INFOPLIST_FILE = NO;
				HEADER_SEARCH_PATHS = (
					"$(PROJECT_DIR)/include",
				);
				INFOPLIST_FILE = MyVoice/Info.plist;
				LD_RUNPATH_SEARCH_PATHS = (
					"@executable_path/../Frameworks",
				);
				LIBRARY_SEARCH_PATHS = (
					"$(PROJECT_DIR)/libs",
				);
				OTHER_LDFLAGS = (
					"-lwhisper",
				);
				PRODUCT_BUNDLE_IDENTIFIER = com.firat.MyVoice;
				SDKROOT = macosx;
				SWIFT_INCLUDE_PATHS = (
					"$(PROJECT_DIR)/MyVoice/whisper-bridge",
				);
			};
			name = Release;
		};
/* End XCBuildConfiguration section */

/* Begin XCConfigurationList section */
		AB7C30718BF0186C02018AB7 /* Build configuration list for PBXNativeTarget "MyVoiceTests" */ = {
			isa = XCConfigurationList;
			buildConfigurations = (
				CE25FC0AF0842D21B0DC5883 /* Debug */,
				F358B75387D1EF2F5411B345 /* Release */,
			);
			defaultConfigurationIsVisible = 0;
			defaultConfigurationName = Debug;
		};
		F0F147FFDB2AF6751B486691 /* Build configuration list for PBXNativeTarget "MyVoice" */ = {
			isa = XCConfigurationList;
			buildConfigurations = (
				964F2314CA857007DC68A40E /* Debug */,
				F675F3AD7DA1C193DCD4F210 /* Release */,
			);
			defaultConfigurationIsVisible = 0;
			defaultConfigurationName = Debug;
		};
		F4169D3248D1191B259EB568 /* Build configuration list for PBXProject "MyVoice" */ = {
			isa = XCConfigurationList;
			buildConfigurations = (
				B2A990C01576EA180D8666A9 /* Debug */,
				ED0D8F1DF1FA8606F5E7B2F3 /* Release */,
			);
			defaultConfigurationIsVisible = 0;
			defaultConfigurationName = Debug;
		};
/* End XCConfigurationList section */

/* Begin XCRemoteSwiftPackageReference section */
		645FD9ED13DE319FC9A88A37 /* XCRemoteSwiftPackageReference "KeyboardShortcuts" */ = {
			isa = XCRemoteSwiftPackageReference;
			repositoryURL = "https://github.com/sindresorhus/KeyboardShortcuts";
			requirement = {
				kind = upToNextMajorVersion;
				minimumVersion = 2.2.0;
			};
		};
/* End XCRemoteSwiftPackageReference section */

/* Begin XCSwiftPackageProductDependency section */
		33B93BCB92F16DA02F66145B /* KeyboardShortcuts */ = {
			isa = XCSwiftPackageProductDependency;
			package = 645FD9ED13DE319FC9A88A37 /* XCRemoteSwiftPackageReference "KeyboardShortcuts" */;
			productName = KeyboardShortcuts;
		};
/* End XCSwiftPackageProductDependency section */
	};
	rootObject = 0BC224550632D9EFC4BAE5E7 /* Project object */;
}
